// !$*UTF8*$!
{
	archiveVersion = 1;
	classes = {
	};
	objectVersion = 46;
	objects = {

/* Begin PBXBuildFile section */
		6B3FDC85148FA04000B9CBD0 /* MainStoryboard.storyboard in Resources */ = {isa = PBXBuildFile; fileRef = 6B3FDC84148FA04000B9CBD0 /* MainStoryboard.storyboard */; };
		6B50C01C148FBA16001549E4 /* icon.png in Resources */ = {isa = PBXBuildFile; fileRef = 6B50C01B148FBA16001549E4 /* icon.png */; };
		6BBC6AA8149755BA00B9F9CE /* 90deg.jpg in Resources */ = {isa = PBXBuildFile; fileRef = 6BF8A66F1490CC9A000EA995 /* 90deg.jpg */; };
		6BBC6AA9149755BA00B9F9CE /* front-big.jpg in Resources */ = {isa = PBXBuildFile; fileRef = 6BF8A6701490CC9A000EA995 /* front-big.jpg */; };
		6BBC6AAA149755BA00B9F9CE /* front.jpg in Resources */ = {isa = PBXBuildFile; fileRef = 6BF8A6711490CC9A000EA995 /* front.jpg */; };
		6BBC6AAB149755BA00B9F9CE /* thumb-1322222655-11572.jpg in Resources */ = {isa = PBXBuildFile; fileRef = 6BF8A6721490CC9A000EA995 /* thumb-1322222655-11572.jpg */; };
		6BBC6AAD149755F100B9F9CE /* latest.xml in Resources */ = {isa = PBXBuildFile; fileRef = 6BF8A6771490CDFA000EA995 /* latest.xml */; };
		6BC3FD80148F9721004A8EC2 /* UIKit.framework in Frameworks */ = {isa = PBXBuildFile; fileRef = 6BC3FD7F148F9721004A8EC2 /* UIKit.framework */; };
		6BC3FD82148F9721004A8EC2 /* Foundation.framework in Frameworks */ = {isa = PBXBuildFile; fileRef = 6BC3FD81148F9721004A8EC2 /* Foundation.framework */; };
		6BC3FD84148F9721004A8EC2 /* CoreGraphics.framework in Frameworks */ = {isa = PBXBuildFile; fileRef = 6BC3FD83148F9721004A8EC2 /* CoreGraphics.framework */; };
		6BC3FD8A148F9721004A8EC2 /* InfoPlist.strings in Resources */ = {isa = PBXBuildFile; fileRef = 6BC3FD88148F9721004A8EC2 /* InfoPlist.strings */; };
		6BC3FD8C148F9721004A8EC2 /* main.m in Sources */ = {isa = PBXBuildFile; fileRef = 6BC3FD8B148F9721004A8EC2 /* main.m */; };
		6BC3FD90148F9721004A8EC2 /* AppDelegate.m in Sources */ = {isa = PBXBuildFile; fileRef = 6BC3FD8F148F9721004A8EC2 /* AppDelegate.m */; };
		6BC3FD98148F9721004A8EC2 /* SenTestingKit.framework in Frameworks */ = {isa = PBXBuildFile; fileRef = 6BC3FD97148F9721004A8EC2 /* SenTestingKit.framework */; };
		6BC3FD99148F9721004A8EC2 /* UIKit.framework in Frameworks */ = {isa = PBXBuildFile; fileRef = 6BC3FD7F148F9721004A8EC2 /* UIKit.framework */; };
		6BC3FD9A148F9721004A8EC2 /* Foundation.framework in Frameworks */ = {isa = PBXBuildFile; fileRef = 6BC3FD81148F9721004A8EC2 /* Foundation.framework */; };
		6BC3FDA2148F9721004A8EC2 /* InfoPlist.strings in Resources */ = {isa = PBXBuildFile; fileRef = 6BC3FDA0148F9721004A8EC2 /* InfoPlist.strings */; };
		6BC3FDD6148F9814004A8EC2 /* athega_logo.png in Resources */ = {isa = PBXBuildFile; fileRef = 6BC3FDAF148F9813004A8EC2 /* athega_logo.png */; };
		6BC3FDD7148F9814004A8EC2 /* AthegaPostFile.m in Sources */ = {isa = PBXBuildFile; fileRef = 6BC3FDB1148F9813004A8EC2 /* AthegaPostFile.m */; };
		6BC3FDD8148F9814004A8EC2 /* AthegaPostParam.m in Sources */ = {isa = PBXBuildFile; fileRef = 6BC3FDB3148F9813004A8EC2 /* AthegaPostParam.m */; };
		6BC3FDD9148F9814004A8EC2 /* Constants.m in Sources */ = {isa = PBXBuildFile; fileRef = 6BC3FDB5148F9813004A8EC2 /* Constants.m */; };
		6BC3FDDA148F9814004A8EC2 /* FeatureFinder.m in Sources */ = {isa = PBXBuildFile; fileRef = 6BC3FDB7148F9813004A8EC2 /* FeatureFinder.m */; };
		6BC3FDDD148F9814004A8EC2 /* glyphicons_011_camera.png in Resources */ = {isa = PBXBuildFile; fileRef = 6BC3FDBA148F9814004A8EC2 /* glyphicons_011_camera.png */; };
		6BC3FDDE148F9814004A8EC2 /* glyphicons_155_show_thumbnails.png in Resources */ = {isa = PBXBuildFile; fileRef = 6BC3FDBB148F9814004A8EC2 /* glyphicons_155_show_thumbnails.png */; };
		6BC3FDDF148F9814004A8EC2 /* HttpBrowser.m in Sources */ = {isa = PBXBuildFile; fileRef = 6BC3FDBD148F9814004A8EC2 /* HttpBrowser.m */; };
		6BC3FDE0148F9814004A8EC2 /* ImageHelpers.m in Sources */ = {isa = PBXBuildFile; fileRef = 6BC3FDBF148F9814004A8EC2 /* ImageHelpers.m */; };
		6BC3FDE1148F9814004A8EC2 /* ImageLoader.m in Sources */ = {isa = PBXBuildFile; fileRef = 6BC3FDC1148F9814004A8EC2 /* ImageLoader.m */; };
		6BC3FDE3148F9814004A8EC2 /* MultipartRequestBuilder.m in Sources */ = {isa = PBXBuildFile; fileRef = 6BC3FDC4148F9814004A8EC2 /* MultipartRequestBuilder.m */; };
		6BC3FDE4148F9814004A8EC2 /* PerodicalImageLoader.m in Sources */ = {isa = PBXBuildFile; fileRef = 6BC3FDC6148F9814004A8EC2 /* PerodicalImageLoader.m */; };
		6BC3FDE6148F9814004A8EC2 /* XmasHat.m in Sources */ = {isa = PBXBuildFile; fileRef = 6BC3FDCA148F9814004A8EC2 /* XmasHat.m */; };
		6BC3FDE7148F9814004A8EC2 /* XmasHatCell.m in Sources */ = {isa = PBXBuildFile; fileRef = 6BC3FDCC148F9814004A8EC2 /* XmasHatCell.m */; };
		6BC3FDE8148F9814004A8EC2 /* XmasHatDetailsController.m in Sources */ = {isa = PBXBuildFile; fileRef = 6BC3FDCE148F9814004A8EC2 /* XmasHatDetailsController.m */; };
		6BC3FDE9148F9814004A8EC2 /* XmasHatTakePictureController.m in Sources */ = {isa = PBXBuildFile; fileRef = 6BC3FDD0148F9814004A8EC2 /* XmasHatTakePictureController.m */; };
		6BC3FDEA148F9814004A8EC2 /* XmasHatViewController.m in Sources */ = {isa = PBXBuildFile; fileRef = 6BC3FDD2148F9814004A8EC2 /* XmasHatViewController.m */; };
		6BC3FDEB148F9814004A8EC2 /* XmlParser.m in Sources */ = {isa = PBXBuildFile; fileRef = 6BC3FDD4148F9814004A8EC2 /* XmlParser.m */; };
		6BC3FDED148F984F004A8EC2 /* CoreImage.framework in Frameworks */ = {isa = PBXBuildFile; fileRef = 6BC3FDEC148F984F004A8EC2 /* CoreImage.framework */; };
		6BC3FDEF148F9857004A8EC2 /* AssetsLibrary.framework in Frameworks */ = {isa = PBXBuildFile; fileRef = 6BC3FDEE148F9857004A8EC2 /* AssetsLibrary.framework */; };
		6BC3FDFA148F9922004A8EC2 /* libOCMock.a in Frameworks */ = {isa = PBXBuildFile; fileRef = 6BC3FDF9148F9922004A8EC2 /* libOCMock.a */; };
		6BC3FE05148F9A4A004A8EC2 /* FeatureFinderTest.m in Sources */ = {isa = PBXBuildFile; fileRef = 6BC3FDFC148F9A4A004A8EC2 /* FeatureFinderTest.m */; };
		6BC3FE06148F9A4A004A8EC2 /* ImageLoaderTest.m in Sources */ = {isa = PBXBuildFile; fileRef = 6BC3FDFE148F9A4A004A8EC2 /* ImageLoaderTest.m */; };
		6BC3FE07148F9A4A004A8EC2 /* MultipartRequestBuilderTest.m in Sources */ = {isa = PBXBuildFile; fileRef = 6BC3FE00148F9A4A004A8EC2 /* MultipartRequestBuilderTest.m */; };
		6BC3FE09148F9A4A004A8EC2 /* XmlParserTest.m in Sources */ = {isa = PBXBuildFile; fileRef = 6BC3FE04148F9A4A004A8EC2 /* XmlParserTest.m */; };
		6BF8A6731490CC9A000EA995 /* 90deg.jpg in Resources */ = {isa = PBXBuildFile; fileRef = 6BF8A66F1490CC9A000EA995 /* 90deg.jpg */; };
		6BF8A6741490CC9A000EA995 /* front-big.jpg in Resources */ = {isa = PBXBuildFile; fileRef = 6BF8A6701490CC9A000EA995 /* front-big.jpg */; };
		6BF8A6751490CC9A000EA995 /* front.jpg in Resources */ = {isa = PBXBuildFile; fileRef = 6BF8A6711490CC9A000EA995 /* front.jpg */; };
		6BF8A6761490CC9A000EA995 /* thumb-1322222655-11572.jpg in Resources */ = {isa = PBXBuildFile; fileRef = 6BF8A6721490CC9A000EA995 /* thumb-1322222655-11572.jpg */; };
		6BF8A6781490CDFA000EA995 /* latest.xml in Resources */ = {isa = PBXBuildFile; fileRef = 6BF8A6771490CDFA000EA995 /* latest.xml */; };
		6BF8A67A1491096F000EA995 /* iPadStoryboard.storyboard in Resources */ = {isa = PBXBuildFile; fileRef = 6BF8A6791491096F000EA995 /* iPadStoryboard.storyboard */; };
		D08BDD091678AA2F001A0E30 /* Default@2x.png in Resources */ = {isa = PBXBuildFile; fileRef = D08BDD081678AA2F001A0E30 /* Default@2x.png */; };
		D0EBD60F1678891800ABECB6 /* Default-568h@2x.png in Resources */ = {isa = PBXBuildFile; fileRef = D0EBD60E1678891800ABECB6 /* Default-568h@2x.png */; };
/* End PBXBuildFile section */

/* Begin PBXContainerItemProxy section */
		6BC3FD9B148F9721004A8EC2 /* PBXContainerItemProxy */ = {
			isa = PBXContainerItemProxy;
			containerPortal = 6BC3FD72148F9721004A8EC2 /* Project object */;
			proxyType = 1;
			remoteGlobalIDString = 6BC3FD7A148F9721004A8EC2;
			remoteInfo = Tomtelizer;
		};
/* End PBXContainerItemProxy section */

/* Begin PBXFileReference section */
		6B3FDC84148FA04000B9CBD0 /* MainStoryboard.storyboard */ = {isa = PBXFileReference; fileEncoding = 4; lastKnownFileType = file.storyboard; path = MainStoryboard.storyboard; sourceTree = "<group>"; };
		6B50C01B148FBA16001549E4 /* icon.png */ = {isa = PBXFileReference; lastKnownFileType = image.png; path = icon.png; sourceTree = "<group>"; };
		6BC3FD7B148F9721004A8EC2 /* Tomtelizer.app */ = {isa = PBXFileReference; explicitFileType = wrapper.application; includeInIndex = 0; path = Tomtelizer.app; sourceTree = BUILT_PRODUCTS_DIR; };
		6BC3FD7F148F9721004A8EC2 /* UIKit.framework */ = {isa = PBXFileReference; lastKnownFileType = wrapper.framework; name = UIKit.framework; path = System/Library/Frameworks/UIKit.framework; sourceTree = SDKROOT; };
		6BC3FD81148F9721004A8EC2 /* Foundation.framework */ = {isa = PBXFileReference; lastKnownFileType = wrapper.framework; name = Foundation.framework; path = System/Library/Frameworks/Foundation.framework; sourceTree = SDKROOT; };
		6BC3FD83148F9721004A8EC2 /* CoreGraphics.framework */ = {isa = PBXFileReference; lastKnownFileType = wrapper.framework; name = CoreGraphics.framework; path = System/Library/Frameworks/CoreGraphics.framework; sourceTree = SDKROOT; };
		6BC3FD87148F9721004A8EC2 /* Tomtelizer-Info.plist */ = {isa = PBXFileReference; lastKnownFileType = text.plist.xml; path = "Tomtelizer-Info.plist"; sourceTree = "<group>"; };
		6BC3FD89148F9721004A8EC2 /* en */ = {isa = PBXFileReference; lastKnownFileType = text.plist.strings; name = en; path = en.lproj/InfoPlist.strings; sourceTree = "<group>"; };
		6BC3FD8B148F9721004A8EC2 /* main.m */ = {isa = PBXFileReference; lastKnownFileType = sourcecode.c.objc; path = main.m; sourceTree = "<group>"; };
		6BC3FD8D148F9721004A8EC2 /* Tomtelizer-Prefix.pch */ = {isa = PBXFileReference; lastKnownFileType = sourcecode.c.h; path = "Tomtelizer-Prefix.pch"; sourceTree = "<group>"; };
		6BC3FD8E148F9721004A8EC2 /* AppDelegate.h */ = {isa = PBXFileReference; lastKnownFileType = sourcecode.c.h; path = AppDelegate.h; sourceTree = "<group>"; };
		6BC3FD8F148F9721004A8EC2 /* AppDelegate.m */ = {isa = PBXFileReference; lastKnownFileType = sourcecode.c.objc; path = AppDelegate.m; sourceTree = "<group>"; };
		6BC3FD96148F9721004A8EC2 /* TomtelizerTests.octest */ = {isa = PBXFileReference; explicitFileType = wrapper.cfbundle; includeInIndex = 0; path = TomtelizerTests.octest; sourceTree = BUILT_PRODUCTS_DIR; };
		6BC3FD97148F9721004A8EC2 /* SenTestingKit.framework */ = {isa = PBXFileReference; lastKnownFileType = wrapper.framework; name = SenTestingKit.framework; path = Library/Frameworks/SenTestingKit.framework; sourceTree = DEVELOPER_DIR; };
		6BC3FD9F148F9721004A8EC2 /* TomtelizerTests-Info.plist */ = {isa = PBXFileReference; lastKnownFileType = text.plist.xml; path = "TomtelizerTests-Info.plist"; sourceTree = "<group>"; };
		6BC3FDA1148F9721004A8EC2 /* en */ = {isa = PBXFileReference; lastKnownFileType = text.plist.strings; name = en; path = en.lproj/InfoPlist.strings; sourceTree = "<group>"; };
		6BC3FDAF148F9813004A8EC2 /* athega_logo.png */ = {isa = PBXFileReference; lastKnownFileType = image.png; path = athega_logo.png; sourceTree = "<group>"; };
		6BC3FDB0148F9813004A8EC2 /* AthegaPostFile.h */ = {isa = PBXFileReference; fileEncoding = 4; lastKnownFileType = sourcecode.c.h; path = AthegaPostFile.h; sourceTree = "<group>"; };
		6BC3FDB1148F9813004A8EC2 /* AthegaPostFile.m */ = {isa = PBXFileReference; fileEncoding = 4; lastKnownFileType = sourcecode.c.objc; path = AthegaPostFile.m; sourceTree = "<group>"; };
		6BC3FDB2148F9813004A8EC2 /* AthegaPostParam.h */ = {isa = PBXFileReference; fileEncoding = 4; lastKnownFileType = sourcecode.c.h; path = AthegaPostParam.h; sourceTree = "<group>"; };
		6BC3FDB3148F9813004A8EC2 /* AthegaPostParam.m */ = {isa = PBXFileReference; fileEncoding = 4; lastKnownFileType = sourcecode.c.objc; path = AthegaPostParam.m; sourceTree = "<group>"; };
		6BC3FDB4148F9813004A8EC2 /* Constants.h */ = {isa = PBXFileReference; fileEncoding = 4; lastKnownFileType = sourcecode.c.h; path = Constants.h; sourceTree = "<group>"; };
		6BC3FDB5148F9813004A8EC2 /* Constants.m */ = {isa = PBXFileReference; fileEncoding = 4; lastKnownFileType = sourcecode.c.objc; path = Constants.m; sourceTree = "<group>"; };
		6BC3FDB6148F9813004A8EC2 /* FeatureFinder.h */ = {isa = PBXFileReference; fileEncoding = 4; lastKnownFileType = sourcecode.c.h; path = FeatureFinder.h; sourceTree = "<group>"; };
		6BC3FDB7148F9813004A8EC2 /* FeatureFinder.m */ = {isa = PBXFileReference; fileEncoding = 4; lastKnownFileType = sourcecode.c.objc; path = FeatureFinder.m; sourceTree = "<group>"; };
		6BC3FDBA148F9814004A8EC2 /* glyphicons_011_camera.png */ = {isa = PBXFileReference; lastKnownFileType = image.png; path = glyphicons_011_camera.png; sourceTree = "<group>"; };
		6BC3FDBB148F9814004A8EC2 /* glyphicons_155_show_thumbnails.png */ = {isa = PBXFileReference; lastKnownFileType = image.png; path = glyphicons_155_show_thumbnails.png; sourceTree = "<group>"; };
		6BC3FDBC148F9814004A8EC2 /* HttpBrowser.h */ = {isa = PBXFileReference; fileEncoding = 4; lastKnownFileType = sourcecode.c.h; path = HttpBrowser.h; sourceTree = "<group>"; };
		6BC3FDBD148F9814004A8EC2 /* HttpBrowser.m */ = {isa = PBXFileReference; fileEncoding = 4; lastKnownFileType = sourcecode.c.objc; path = HttpBrowser.m; sourceTree = "<group>"; };
		6BC3FDBE148F9814004A8EC2 /* ImageHelpers.h */ = {isa = PBXFileReference; fileEncoding = 4; lastKnownFileType = sourcecode.c.h; path = ImageHelpers.h; sourceTree = "<group>"; };
		6BC3FDBF148F9814004A8EC2 /* ImageHelpers.m */ = {isa = PBXFileReference; fileEncoding = 4; lastKnownFileType = sourcecode.c.objc; path = ImageHelpers.m; sourceTree = "<group>"; };
		6BC3FDC0148F9814004A8EC2 /* ImageLoader.h */ = {isa = PBXFileReference; fileEncoding = 4; lastKnownFileType = sourcecode.c.h; path = ImageLoader.h; sourceTree = "<group>"; };
		6BC3FDC1148F9814004A8EC2 /* ImageLoader.m */ = {isa = PBXFileReference; fileEncoding = 4; lastKnownFileType = sourcecode.c.objc; path = ImageLoader.m; sourceTree = "<group>"; };
		6BC3FDC3148F9814004A8EC2 /* MultipartRequestBuilder.h */ = {isa = PBXFileReference; fileEncoding = 4; lastKnownFileType = sourcecode.c.h; path = MultipartRequestBuilder.h; sourceTree = "<group>"; };
		6BC3FDC4148F9814004A8EC2 /* MultipartRequestBuilder.m */ = {isa = PBXFileReference; fileEncoding = 4; lastKnownFileType = sourcecode.c.objc; path = MultipartRequestBuilder.m; sourceTree = "<group>"; };
		6BC3FDC5148F9814004A8EC2 /* PerodicalImageLoader.h */ = {isa = PBXFileReference; fileEncoding = 4; lastKnownFileType = sourcecode.c.h; path = PerodicalImageLoader.h; sourceTree = "<group>"; };
		6BC3FDC6148F9814004A8EC2 /* PerodicalImageLoader.m */ = {isa = PBXFileReference; fileEncoding = 4; lastKnownFileType = sourcecode.c.objc; path = PerodicalImageLoader.m; sourceTree = "<group>"; };
		6BC3FDC9148F9814004A8EC2 /* XmasHat.h */ = {isa = PBXFileReference; fileEncoding = 4; lastKnownFileType = sourcecode.c.h; path = XmasHat.h; sourceTree = "<group>"; };
		6BC3FDCA148F9814004A8EC2 /* XmasHat.m */ = {isa = PBXFileReference; fileEncoding = 4; lastKnownFileType = sourcecode.c.objc; path = XmasHat.m; sourceTree = "<group>"; };
		6BC3FDCB148F9814004A8EC2 /* XmasHatCell.h */ = {isa = PBXFileReference; fileEncoding = 4; lastKnownFileType = sourcecode.c.h; path = XmasHatCell.h; sourceTree = "<group>"; };
		6BC3FDCC148F9814004A8EC2 /* XmasHatCell.m */ = {isa = PBXFileReference; fileEncoding = 4; lastKnownFileType = sourcecode.c.objc; path = XmasHatCell.m; sourceTree = "<group>"; };
		6BC3FDCD148F9814004A8EC2 /* XmasHatDetailsController.h */ = {isa = PBXFileReference; fileEncoding = 4; lastKnownFileType = sourcecode.c.h; path = XmasHatDetailsController.h; sourceTree = "<group>"; };
		6BC3FDCE148F9814004A8EC2 /* XmasHatDetailsController.m */ = {isa = PBXFileReference; fileEncoding = 4; lastKnownFileType = sourcecode.c.objc; path = XmasHatDetailsController.m; sourceTree = "<group>"; };
		6BC3FDCF148F9814004A8EC2 /* XmasHatTakePictureController.h */ = {isa = PBXFileReference; fileEncoding = 4; lastKnownFileType = sourcecode.c.h; path = XmasHatTakePictureController.h; sourceTree = "<group>"; };
		6BC3FDD0148F9814004A8EC2 /* XmasHatTakePictureController.m */ = {isa = PBXFileReference; fileEncoding = 4; lastKnownFileType = sourcecode.c.objc; path = XmasHatTakePictureController.m; sourceTree = "<group>"; };
		6BC3FDD1148F9814004A8EC2 /* XmasHatViewController.h */ = {isa = PBXFileReference; fileEncoding = 4; lastKnownFileType = sourcecode.c.h; path = XmasHatViewController.h; sourceTree = "<group>"; };
		6BC3FDD2148F9814004A8EC2 /* XmasHatViewController.m */ = {isa = PBXFileReference; fileEncoding = 4; lastKnownFileType = sourcecode.c.objc; path = XmasHatViewController.m; sourceTree = "<group>"; };
		6BC3FDD3148F9814004A8EC2 /* XmlParser.h */ = {isa = PBXFileReference; fileEncoding = 4; lastKnownFileType = sourcecode.c.h; path = XmlParser.h; sourceTree = "<group>"; };
		6BC3FDD4148F9814004A8EC2 /* XmlParser.m */ = {isa = PBXFileReference; fileEncoding = 4; lastKnownFileType = sourcecode.c.objc; path = XmlParser.m; sourceTree = "<group>"; };
		6BC3FDEC148F984F004A8EC2 /* CoreImage.framework */ = {isa = PBXFileReference; lastKnownFileType = wrapper.framework; name = CoreImage.framework; path = System/Library/Frameworks/CoreImage.framework; sourceTree = SDKROOT; };
		6BC3FDEE148F9857004A8EC2 /* AssetsLibrary.framework */ = {isa = PBXFileReference; lastKnownFileType = wrapper.framework; name = AssetsLibrary.framework; path = System/Library/Frameworks/AssetsLibrary.framework; sourceTree = SDKROOT; };
		6BC3FDF3148F9922004A8EC2 /* NSNotificationCenter+OCMAdditions.h */ = {isa = PBXFileReference; fileEncoding = 4; lastKnownFileType = sourcecode.c.h; path = "NSNotificationCenter+OCMAdditions.h"; sourceTree = "<group>"; };
		6BC3FDF4148F9922004A8EC2 /* OCMArg.h */ = {isa = PBXFileReference; fileEncoding = 4; lastKnownFileType = sourcecode.c.h; path = OCMArg.h; sourceTree = "<group>"; };
		6BC3FDF5148F9922004A8EC2 /* OCMConstraint.h */ = {isa = PBXFileReference; fileEncoding = 4; lastKnownFileType = sourcecode.c.h; path = OCMConstraint.h; sourceTree = "<group>"; };
		6BC3FDF6148F9922004A8EC2 /* OCMock.h */ = {isa = PBXFileReference; fileEncoding = 4; lastKnownFileType = sourcecode.c.h; path = OCMock.h; sourceTree = "<group>"; };
		6BC3FDF7148F9922004A8EC2 /* OCMockObject.h */ = {isa = PBXFileReference; fileEncoding = 4; lastKnownFileType = sourcecode.c.h; path = OCMockObject.h; sourceTree = "<group>"; };
		6BC3FDF8148F9922004A8EC2 /* OCMockRecorder.h */ = {isa = PBXFileReference; fileEncoding = 4; lastKnownFileType = sourcecode.c.h; path = OCMockRecorder.h; sourceTree = "<group>"; };
		6BC3FDF9148F9922004A8EC2 /* libOCMock.a */ = {isa = PBXFileReference; lastKnownFileType = archive.ar; path = libOCMock.a; sourceTree = "<group>"; };
		6BC3FDFB148F9A4A004A8EC2 /* FeatureFinderTest.h */ = {isa = PBXFileReference; fileEncoding = 4; lastKnownFileType = sourcecode.c.h; path = FeatureFinderTest.h; sourceTree = "<group>"; };
		6BC3FDFC148F9A4A004A8EC2 /* FeatureFinderTest.m */ = {isa = PBXFileReference; fileEncoding = 4; lastKnownFileType = sourcecode.c.objc; path = FeatureFinderTest.m; sourceTree = "<group>"; };
		6BC3FDFD148F9A4A004A8EC2 /* ImageLoaderTest.h */ = {isa = PBXFileReference; fileEncoding = 4; lastKnownFileType = sourcecode.c.h; path = ImageLoaderTest.h; sourceTree = "<group>"; };
		6BC3FDFE148F9A4A004A8EC2 /* ImageLoaderTest.m */ = {isa = PBXFileReference; fileEncoding = 4; lastKnownFileType = sourcecode.c.objc; path = ImageLoaderTest.m; sourceTree = "<group>"; };
		6BC3FDFF148F9A4A004A8EC2 /* MultipartRequestBuilderTest.h */ = {isa = PBXFileReference; fileEncoding = 4; lastKnownFileType = sourcecode.c.h; path = MultipartRequestBuilderTest.h; sourceTree = "<group>"; };
		6BC3FE00148F9A4A004A8EC2 /* MultipartRequestBuilderTest.m */ = {isa = PBXFileReference; fileEncoding = 4; lastKnownFileType = sourcecode.c.objc; path = MultipartRequestBuilderTest.m; sourceTree = "<group>"; };
		6BC3FE03148F9A4A004A8EC2 /* XmlParserTest.h */ = {isa = PBXFileReference; fileEncoding = 4; lastKnownFileType = sourcecode.c.h; path = XmlParserTest.h; sourceTree = "<group>"; };
		6BC3FE04148F9A4A004A8EC2 /* XmlParserTest.m */ = {isa = PBXFileReference; fileEncoding = 4; lastKnownFileType = sourcecode.c.objc; path = XmlParserTest.m; sourceTree = "<group>"; };
		6BF8A66F1490CC9A000EA995 /* 90deg.jpg */ = {isa = PBXFileReference; lastKnownFileType = image.jpeg; path = 90deg.jpg; sourceTree = "<group>"; };
		6BF8A6701490CC9A000EA995 /* front-big.jpg */ = {isa = PBXFileReference; lastKnownFileType = image.jpeg; path = "front-big.jpg"; sourceTree = "<group>"; };
		6BF8A6711490CC9A000EA995 /* front.jpg */ = {isa = PBXFileReference; lastKnownFileType = image.jpeg; path = front.jpg; sourceTree = "<group>"; };
		6BF8A6721490CC9A000EA995 /* thumb-1322222655-11572.jpg */ = {isa = PBXFileReference; lastKnownFileType = image.jpeg; path = "thumb-1322222655-11572.jpg"; sourceTree = "<group>"; };
		6BF8A6771490CDFA000EA995 /* latest.xml */ = {isa = PBXFileReference; fileEncoding = 4; lastKnownFileType = text.xml; path = latest.xml; sourceTree = "<group>"; };
		6BF8A6791491096F000EA995 /* iPadStoryboard.storyboard */ = {isa = PBXFileReference; fileEncoding = 4; lastKnownFileType = file.storyboard; path = iPadStoryboard.storyboard; sourceTree = "<group>"; };
		D08BDD081678AA2F001A0E30 /* Default@2x.png */ = {isa = PBXFileReference; lastKnownFileType = image.png; path = "Default@2x.png"; sourceTree = "<group>"; };
		D0EBD60E1678891800ABECB6 /* Default-568h@2x.png */ = {isa = PBXFileReference; lastKnownFileType = image.png; path = "Default-568h@2x.png"; sourceTree = "<group>"; };
/* End PBXFileReference section */

/* Begin PBXFrameworksBuildPhase section */
		6BC3FD78148F9721004A8EC2 /* Frameworks */ = {
			isa = PBXFrameworksBuildPhase;
			buildActionMask = 2147483647;
			files = (
				6BC3FDEF148F9857004A8EC2 /* AssetsLibrary.framework in Frameworks */,
				6BC3FDED148F984F004A8EC2 /* CoreImage.framework in Frameworks */,
				6BC3FD80148F9721004A8EC2 /* UIKit.framework in Frameworks */,
				6BC3FD82148F9721004A8EC2 /* Foundation.framework in Frameworks */,
				6BC3FD84148F9721004A8EC2 /* CoreGraphics.framework in Frameworks */,
			);
			runOnlyForDeploymentPostprocessing = 0;
		};
		6BC3FD92148F9721004A8EC2 /* Frameworks */ = {
			isa = PBXFrameworksBuildPhase;
			buildActionMask = 2147483647;
			files = (
				6BC3FD98148F9721004A8EC2 /* SenTestingKit.framework in Frameworks */,
				6BC3FD99148F9721004A8EC2 /* UIKit.framework in Frameworks */,
				6BC3FD9A148F9721004A8EC2 /* Foundation.framework in Frameworks */,
				6BC3FDFA148F9922004A8EC2 /* libOCMock.a in Frameworks */,
			);
			runOnlyForDeploymentPostprocessing = 0;
		};
/* End PBXFrameworksBuildPhase section */

/* Begin PBXGroup section */
		6BC3FD70148F9721004A8EC2 = {
			isa = PBXGroup;
			children = (
				D08BDD081678AA2F001A0E30 /* Default@2x.png */,
				D0EBD60E1678891800ABECB6 /* Default-568h@2x.png */,
				6BC3FD85148F9721004A8EC2 /* Tomtelizer */,
				6BC3FD9D148F9721004A8EC2 /* TomtelizerTests */,
				6BC3FD7E148F9721004A8EC2 /* Frameworks */,
				6BC3FD7C148F9721004A8EC2 /* Products */,
			);
			sourceTree = "<group>";
		};
		6BC3FD7C148F9721004A8EC2 /* Products */ = {
			isa = PBXGroup;
			children = (
				6BC3FD7B148F9721004A8EC2 /* Tomtelizer.app */,
				6BC3FD96148F9721004A8EC2 /* TomtelizerTests.octest */,
			);
			name = Products;
			sourceTree = "<group>";
		};
		6BC3FD7E148F9721004A8EC2 /* Frameworks */ = {
			isa = PBXGroup;
			children = (
				6BC3FDEE148F9857004A8EC2 /* AssetsLibrary.framework */,
				6BC3FDEC148F984F004A8EC2 /* CoreImage.framework */,
				6BC3FDF0148F9922004A8EC2 /* ocmock */,
				6BC3FD7F148F9721004A8EC2 /* UIKit.framework */,
				6BC3FD81148F9721004A8EC2 /* Foundation.framework */,
				6BC3FD83148F9721004A8EC2 /* CoreGraphics.framework */,
				6BC3FD97148F9721004A8EC2 /* SenTestingKit.framework */,
			);
			name = Frameworks;
			sourceTree = "<group>";
		};
		6BC3FD85148F9721004A8EC2 /* Tomtelizer */ = {
			isa = PBXGroup;
			children = (
				6BC3FDB0148F9813004A8EC2 /* AthegaPostFile.h */,
				6BC3FDB1148F9813004A8EC2 /* AthegaPostFile.m */,
				6BC3FDB2148F9813004A8EC2 /* AthegaPostParam.h */,
				6BC3FDB3148F9813004A8EC2 /* AthegaPostParam.m */,
				6BC3FDB4148F9813004A8EC2 /* Constants.h */,
				6BC3FDB5148F9813004A8EC2 /* Constants.m */,
				6BC3FDB6148F9813004A8EC2 /* FeatureFinder.h */,
				6BC3FDB7148F9813004A8EC2 /* FeatureFinder.m */,
				6BC3FDBC148F9814004A8EC2 /* HttpBrowser.h */,
				6BC3FDBD148F9814004A8EC2 /* HttpBrowser.m */,
				6BC3FDBE148F9814004A8EC2 /* ImageHelpers.h */,
				6BC3FDBF148F9814004A8EC2 /* ImageHelpers.m */,
				6BC3FDC0148F9814004A8EC2 /* ImageLoader.h */,
				6BC3FDC1148F9814004A8EC2 /* ImageLoader.m */,
				6BC3FDC3148F9814004A8EC2 /* MultipartRequestBuilder.h */,
				6BC3FDC4148F9814004A8EC2 /* MultipartRequestBuilder.m */,
				6BC3FDC5148F9814004A8EC2 /* PerodicalImageLoader.h */,
				6BC3FDC6148F9814004A8EC2 /* PerodicalImageLoader.m */,
				6BC3FDC9148F9814004A8EC2 /* XmasHat.h */,
				6BC3FDCA148F9814004A8EC2 /* XmasHat.m */,
				6BC3FDCB148F9814004A8EC2 /* XmasHatCell.h */,
				6BC3FDCC148F9814004A8EC2 /* XmasHatCell.m */,
				6BC3FDCD148F9814004A8EC2 /* XmasHatDetailsController.h */,
				6BC3FDCE148F9814004A8EC2 /* XmasHatDetailsController.m */,
				6BC3FDCF148F9814004A8EC2 /* XmasHatTakePictureController.h */,
				6BC3FDD0148F9814004A8EC2 /* XmasHatTakePictureController.m */,
				6BC3FDD1148F9814004A8EC2 /* XmasHatViewController.h */,
				6BC3FDD2148F9814004A8EC2 /* XmasHatViewController.m */,
				6BC3FDD3148F9814004A8EC2 /* XmlParser.h */,
				6BC3FDD4148F9814004A8EC2 /* XmlParser.m */,
				6BC3FD8E148F9721004A8EC2 /* AppDelegate.h */,
				6BC3FD8F148F9721004A8EC2 /* AppDelegate.m */,
				6BC3FD86148F9721004A8EC2 /* Supporting Files */,
			);
			path = Tomtelizer;
			sourceTree = "<group>";
		};
		6BC3FD86148F9721004A8EC2 /* Supporting Files */ = {
			isa = PBXGroup;
			children = (
				6B50C01B148FBA16001549E4 /* icon.png */,
				6BC3FDAF148F9813004A8EC2 /* athega_logo.png */,
				6BC3FDBA148F9814004A8EC2 /* glyphicons_011_camera.png */,
				6BC3FDBB148F9814004A8EC2 /* glyphicons_155_show_thumbnails.png */,
				6BC3FD87148F9721004A8EC2 /* Tomtelizer-Info.plist */,
				6BC3FD88148F9721004A8EC2 /* InfoPlist.strings */,
				6BC3FD8B148F9721004A8EC2 /* main.m */,
				6BC3FD8D148F9721004A8EC2 /* Tomtelizer-Prefix.pch */,
				6B3FDC84148FA04000B9CBD0 /* MainStoryboard.storyboard */,
				6BF8A6791491096F000EA995 /* iPadStoryboard.storyboard */,
			);
			name = "Supporting Files";
			sourceTree = "<group>";
		};
		6BC3FD9D148F9721004A8EC2 /* TomtelizerTests */ = {
			isa = PBXGroup;
			children = (
				6BC3FDFB148F9A4A004A8EC2 /* FeatureFinderTest.h */,
				6BC3FDFC148F9A4A004A8EC2 /* FeatureFinderTest.m */,
				6BC3FDFD148F9A4A004A8EC2 /* ImageLoaderTest.h */,
				6BC3FDFE148F9A4A004A8EC2 /* ImageLoaderTest.m */,
				6BC3FDFF148F9A4A004A8EC2 /* MultipartRequestBuilderTest.h */,
				6BC3FE00148F9A4A004A8EC2 /* MultipartRequestBuilderTest.m */,
				6BC3FE03148F9A4A004A8EC2 /* XmlParserTest.h */,
				6BC3FE04148F9A4A004A8EC2 /* XmlParserTest.m */,
				6BC3FD9E148F9721004A8EC2 /* Supporting Files */,
			);
			path = TomtelizerTests;
			sourceTree = "<group>";
		};
		6BC3FD9E148F9721004A8EC2 /* Supporting Files */ = {
			isa = PBXGroup;
			children = (
				6BF8A6771490CDFA000EA995 /* latest.xml */,
				6BF8A66F1490CC9A000EA995 /* 90deg.jpg */,
				6BF8A6701490CC9A000EA995 /* front-big.jpg */,
				6BF8A6711490CC9A000EA995 /* front.jpg */,
				6BF8A6721490CC9A000EA995 /* thumb-1322222655-11572.jpg */,
				6BC3FD9F148F9721004A8EC2 /* TomtelizerTests-Info.plist */,
				6BC3FDA0148F9721004A8EC2 /* InfoPlist.strings */,
			);
			name = "Supporting Files";
			sourceTree = "<group>";
		};
		6BC3FDF0148F9922004A8EC2 /* ocmock */ = {
			isa = PBXGroup;
			children = (
				6BC3FDF1148F9922004A8EC2 /* Headers */,
				6BC3FDF9148F9922004A8EC2 /* libOCMock.a */,
			);
			path = ocmock;
			sourceTree = "<group>";
		};
		6BC3FDF1148F9922004A8EC2 /* Headers */ = {
			isa = PBXGroup;
			children = (
				6BC3FDF2148F9922004A8EC2 /* OCMock */,
			);
			path = Headers;
			sourceTree = "<group>";
		};
		6BC3FDF2148F9922004A8EC2 /* OCMock */ = {
			isa = PBXGroup;
			children = (
				6BC3FDF3148F9922004A8EC2 /* NSNotificationCenter+OCMAdditions.h */,
				6BC3FDF4148F9922004A8EC2 /* OCMArg.h */,
				6BC3FDF5148F9922004A8EC2 /* OCMConstraint.h */,
				6BC3FDF6148F9922004A8EC2 /* OCMock.h */,
				6BC3FDF7148F9922004A8EC2 /* OCMockObject.h */,
				6BC3FDF8148F9922004A8EC2 /* OCMockRecorder.h */,
			);
			path = OCMock;
			sourceTree = "<group>";
		};
/* End PBXGroup section */

/* Begin PBXNativeTarget section */
		6BC3FD7A148F9721004A8EC2 /* Tomtelizer */ = {
			isa = PBXNativeTarget;
			buildConfigurationList = 6BC3FDA8148F9721004A8EC2 /* Build configuration list for PBXNativeTarget "Tomtelizer" */;
			buildPhases = (
				6BC3FD77148F9721004A8EC2 /* Sources */,
				6BC3FD78148F9721004A8EC2 /* Frameworks */,
				6BC3FD79148F9721004A8EC2 /* Resources */,
			);
			buildRules = (
			);
			dependencies = (
			);
			name = Tomtelizer;
			productName = Tomtelizer;
			productReference = 6BC3FD7B148F9721004A8EC2 /* Tomtelizer.app */;
			productType = "com.apple.product-type.application";
		};
		6BC3FD95148F9721004A8EC2 /* TomtelizerTests */ = {
			isa = PBXNativeTarget;
			buildConfigurationList = 6BC3FDAB148F9721004A8EC2 /* Build configuration list for PBXNativeTarget "TomtelizerTests" */;
			buildPhases = (
				6BC3FD91148F9721004A8EC2 /* Sources */,
				6BC3FD92148F9721004A8EC2 /* Frameworks */,
				6BC3FD93148F9721004A8EC2 /* Resources */,
				6BC3FD94148F9721004A8EC2 /* ShellScript */,
			);
			buildRules = (
			);
			dependencies = (
				6BC3FD9C148F9721004A8EC2 /* PBXTargetDependency */,
			);
			name = TomtelizerTests;
			productName = TomtelizerTests;
			productReference = 6BC3FD96148F9721004A8EC2 /* TomtelizerTests.octest */;
			productType = "com.apple.product-type.bundle";
		};
/* End PBXNativeTarget section */

/* Begin PBXProject section */
		6BC3FD72148F9721004A8EC2 /* Project object */ = {
			isa = PBXProject;
			attributes = {
				LastUpgradeCheck = 0420;
				ORGANIZATIONNAME = "Athega AB";
				TargetAttributes = {
					6BC3FD7A148F9721004A8EC2 = {
						DevelopmentTeam = 68QV2LAV6D;
					};
				};
			};
			buildConfigurationList = 6BC3FD75148F9721004A8EC2 /* Build configuration list for PBXProject "Tomtelizer" */;
			compatibilityVersion = "Xcode 3.2";
			developmentRegion = English;
			hasScannedForEncodings = 0;
			knownRegions = (
				en,
			);
			mainGroup = 6BC3FD70148F9721004A8EC2;
			productRefGroup = 6BC3FD7C148F9721004A8EC2 /* Products */;
			projectDirPath = "";
			projectRoot = "";
			targets = (
				6BC3FD7A148F9721004A8EC2 /* Tomtelizer */,
				6BC3FD95148F9721004A8EC2 /* TomtelizerTests */,
			);
		};
/* End PBXProject section */

/* Begin PBXResourcesBuildPhase section */
		6BC3FD79148F9721004A8EC2 /* Resources */ = {
			isa = PBXResourcesBuildPhase;
			buildActionMask = 2147483647;
			files = (
				6BBC6AAD149755F100B9F9CE /* latest.xml in Resources */,
				6BBC6AA8149755BA00B9F9CE /* 90deg.jpg in Resources */,
				6BBC6AA9149755BA00B9F9CE /* front-big.jpg in Resources */,
				6BBC6AAA149755BA00B9F9CE /* front.jpg in Resources */,
				6BBC6AAB149755BA00B9F9CE /* thumb-1322222655-11572.jpg in Resources */,
				6BC3FD8A148F9721004A8EC2 /* InfoPlist.strings in Resources */,
				6BC3FDD6148F9814004A8EC2 /* athega_logo.png in Resources */,
				6BC3FDDD148F9814004A8EC2 /* glyphicons_011_camera.png in Resources */,
				6BC3FDDE148F9814004A8EC2 /* glyphicons_155_show_thumbnails.png in Resources */,
				6B3FDC85148FA04000B9CBD0 /* MainStoryboard.storyboard in Resources */,
				6B50C01C148FBA16001549E4 /* icon.png in Resources */,
				6BF8A67A1491096F000EA995 /* iPadStoryboard.storyboard in Resources */,
				D0EBD60F1678891800ABECB6 /* Default-568h@2x.png in Resources */,
				D08BDD091678AA2F001A0E30 /* Default@2x.png in Resources */,
			);
			runOnlyForDeploymentPostprocessing = 0;
		};
		6BC3FD93148F9721004A8EC2 /* Resources */ = {
			isa = PBXResourcesBuildPhase;
			buildActionMask = 2147483647;
			files = (
				6BC3FDA2148F9721004A8EC2 /* InfoPlist.strings in Resources */,
				6BF8A6731490CC9A000EA995 /* 90deg.jpg in Resources */,
				6BF8A6741490CC9A000EA995 /* front-big.jpg in Resources */,
				6BF8A6751490CC9A000EA995 /* front.jpg in Resources */,
				6BF8A6761490CC9A000EA995 /* thumb-1322222655-11572.jpg in Resources */,
				6BF8A6781490CDFA000EA995 /* latest.xml in Resources */,
			);
			runOnlyForDeploymentPostprocessing = 0;
		};
/* End PBXResourcesBuildPhase section */

/* Begin PBXShellScriptBuildPhase section */
		6BC3FD94148F9721004A8EC2 /* ShellScript */ = {
			isa = PBXShellScriptBuildPhase;
			buildActionMask = 2147483647;
			files = (
			);
			inputPaths = (
			);
			outputPaths = (
			);
			runOnlyForDeploymentPostprocessing = 0;
			shellPath = /bin/sh;
			shellScript = "# Run the unit tests in this test bundle.\n\"${SYSTEM_DEVELOPER_DIR}/Tools/RunUnitTests\"\n";
		};
/* End PBXShellScriptBuildPhase section */

/* Begin PBXSourcesBuildPhase section */
		6BC3FD77148F9721004A8EC2 /* Sources */ = {
			isa = PBXSourcesBuildPhase;
			buildActionMask = 2147483647;
			files = (
				6BC3FD8C148F9721004A8EC2 /* main.m in Sources */,
				6BC3FD90148F9721004A8EC2 /* AppDelegate.m in Sources */,
				6BC3FDD7148F9814004A8EC2 /* AthegaPostFile.m in Sources */,
				6BC3FDD8148F9814004A8EC2 /* AthegaPostParam.m in Sources */,
				6BC3FDD9148F9814004A8EC2 /* Constants.m in Sources */,
				6BC3FDDA148F9814004A8EC2 /* FeatureFinder.m in Sources */,
				6BC3FDDF148F9814004A8EC2 /* HttpBrowser.m in Sources */,
				6BC3FDE0148F9814004A8EC2 /* ImageHelpers.m in Sources */,
				6BC3FDE1148F9814004A8EC2 /* ImageLoader.m in Sources */,
				6BC3FDE3148F9814004A8EC2 /* MultipartRequestBuilder.m in Sources */,
				6BC3FDE4148F9814004A8EC2 /* PerodicalImageLoader.m in Sources */,
				6BC3FDE6148F9814004A8EC2 /* XmasHat.m in Sources */,
				6BC3FDE7148F9814004A8EC2 /* XmasHatCell.m in Sources */,
				6BC3FDE8148F9814004A8EC2 /* XmasHatDetailsController.m in Sources */,
				6BC3FDE9148F9814004A8EC2 /* XmasHatTakePictureController.m in Sources */,
				6BC3FDEA148F9814004A8EC2 /* XmasHatViewController.m in Sources */,
				6BC3FDEB148F9814004A8EC2 /* XmlParser.m in Sources */,
			);
			runOnlyForDeploymentPostprocessing = 0;
		};
		6BC3FD91148F9721004A8EC2 /* Sources */ = {
			isa = PBXSourcesBuildPhase;
			buildActionMask = 2147483647;
			files = (
				6BC3FE05148F9A4A004A8EC2 /* FeatureFinderTest.m in Sources */,
				6BC3FE06148F9A4A004A8EC2 /* ImageLoaderTest.m in Sources */,
				6BC3FE07148F9A4A004A8EC2 /* MultipartRequestBuilderTest.m in Sources */,
				6BC3FE09148F9A4A004A8EC2 /* XmlParserTest.m in Sources */,
			);
			runOnlyForDeploymentPostprocessing = 0;
		};
/* End PBXSourcesBuildPhase section */

/* Begin PBXTargetDependency section */
		6BC3FD9C148F9721004A8EC2 /* PBXTargetDependency */ = {
			isa = PBXTargetDependency;
			target = 6BC3FD7A148F9721004A8EC2 /* Tomtelizer */;
			targetProxy = 6BC3FD9B148F9721004A8EC2 /* PBXContainerItemProxy */;
		};
/* End PBXTargetDependency section */

/* Begin PBXVariantGroup section */
		6BC3FD88148F9721004A8EC2 /* InfoPlist.strings */ = {
			isa = PBXVariantGroup;
			children = (
				6BC3FD89148F9721004A8EC2 /* en */,
			);
			name = InfoPlist.strings;
			sourceTree = "<group>";
		};
		6BC3FDA0148F9721004A8EC2 /* InfoPlist.strings */ = {
			isa = PBXVariantGroup;
			children = (
				6BC3FDA1148F9721004A8EC2 /* en */,
			);
			name = InfoPlist.strings;
			sourceTree = "<group>";
		};
/* End PBXVariantGroup section */

/* Begin XCBuildConfiguration section */
		6BC3FDA6148F9721004A8EC2 /* Debug */ = {
			isa = XCBuildConfiguration;
			buildSettings = {
				ALWAYS_SEARCH_USER_PATHS = NO;
				ARCHS = "$(ARCHS_STANDARD_32_BIT)";
				CLANG_ENABLE_OBJC_ARC = YES;
				"CODE_SIGN_IDENTITY[sdk=iphoneos*]" = "iPhone Developer";
				COPY_PHASE_STRIP = NO;
				GCC_C_LANGUAGE_STANDARD = gnu99;
				GCC_DYNAMIC_NO_PIC = NO;
				GCC_OPTIMIZATION_LEVEL = 0;
				GCC_PREPROCESSOR_DEFINITIONS = (
					"DEBUG=1",
					"$(inherited)",
				);
				GCC_SYMBOLS_PRIVATE_EXTERN = NO;
				GCC_VERSION = com.apple.compilers.llvm.clang.1_0;
				GCC_WARN_ABOUT_MISSING_PROTOTYPES = YES;
				GCC_WARN_ABOUT_RETURN_TYPE = YES;
				GCC_WARN_UNUSED_VARIABLE = YES;
				IPHONEOS_DEPLOYMENT_TARGET = 5.0;
				SDKROOT = iphoneos;
			};
			name = Debug;
		};
		6BC3FDA7148F9721004A8EC2 /* Release */ = {
			isa = XCBuildConfiguration;
			buildSettings = {
				ALWAYS_SEARCH_USER_PATHS = NO;
				ARCHS = "$(ARCHS_STANDARD_32_BIT)";
				CLANG_ENABLE_OBJC_ARC = YES;
				"CODE_SIGN_IDENTITY[sdk=iphoneos*]" = "iPhone Developer";
				COPY_PHASE_STRIP = YES;
				GCC_C_LANGUAGE_STANDARD = gnu99;
				GCC_VERSION = com.apple.compilers.llvm.clang.1_0;
				GCC_WARN_ABOUT_MISSING_PROTOTYPES = YES;
				GCC_WARN_ABOUT_RETURN_TYPE = YES;
				GCC_WARN_UNUSED_VARIABLE = YES;
				IPHONEOS_DEPLOYMENT_TARGET = 5.0;
				OTHER_CFLAGS = "-DNS_BLOCK_ASSERTIONS=1";
				SDKROOT = iphoneos;
				VALIDATE_PRODUCT = YES;
			};
			name = Release;
		};
		6BC3FDA9148F9721004A8EC2 /* Debug */ = {
			isa = XCBuildConfiguration;
			buildSettings = {
				ARCHS = "$(ARCHS_STANDARD_INCLUDING_64_BIT)";
				CODE_SIGN_IDENTITY = "iPhone Developer";
				"CODE_SIGN_IDENTITY[sdk=iphoneos*]" = "iPhone Developer";
				GCC_PRECOMPILE_PREFIX_HEADER = YES;
				GCC_PREFIX_HEADER = "Tomtelizer/Tomtelizer-Prefix.pch";
				INFOPLIST_FILE = "Tomtelizer/Tomtelizer-Info.plist";
				IPHONEOS_DEPLOYMENT_TARGET = 7.0;
				PRODUCT_NAME = "$(TARGET_NAME)";
				PROVISIONING_PROFILE = "";
				TARGETED_DEVICE_FAMILY = 1;
				WRAPPER_EXTENSION = app;
			};
			name = Debug;
		};
		6BC3FDAA148F9721004A8EC2 /* Release */ = {
			isa = XCBuildConfiguration;
			buildSettings = {
				ARCHS = "$(ARCHS_STANDARD_INCLUDING_64_BIT)";
				CODE_SIGN_IDENTITY = "iPhone Developer";
				"CODE_SIGN_IDENTITY[sdk=iphoneos*]" = "iPhone Developer";
				GCC_PRECOMPILE_PREFIX_HEADER = YES;
				GCC_PREFIX_HEADER = "Tomtelizer/Tomtelizer-Prefix.pch";
				INFOPLIST_FILE = "Tomtelizer/Tomtelizer-Info.plist";
				IPHONEOS_DEPLOYMENT_TARGET = 7.0;
				PRODUCT_NAME = "$(TARGET_NAME)";
				PROVISIONING_PROFILE = "";
				"PROVISIONING_PROFILE[sdk=iphoneos*]" = "";
				TARGETED_DEVICE_FAMILY = 1;
				WRAPPER_EXTENSION = app;
			};
			name = Release;
		};
		6BC3FDAC148F9721004A8EC2 /* Debug */ = {
			isa = XCBuildConfiguration;
			buildSettings = {
				BUNDLE_LOADER = "$(BUILT_PRODUCTS_DIR)/Tomtelizer.app/Tomtelizer";
				FRAMEWORK_SEARCH_PATHS = (
					"$(SDKROOT)/Developer/Library/Frameworks",
					"$(DEVELOPER_LIBRARY_DIR)/Frameworks",
				);
				GCC_PRECOMPILE_PREFIX_HEADER = YES;
				GCC_PREFIX_HEADER = "Tomtelizer/Tomtelizer-Prefix.pch";
				HEADER_SEARCH_PATHS = (
					"$(inherited)",
					"$(PROJECT_DIR)/ocmock/Headers",
				);
				INFOPLIST_FILE = "TomtelizerTests/TomtelizerTests-Info.plist";
				IPHONEOS_DEPLOYMENT_TARGET = 7.0;
				LIBRARY_SEARCH_PATHS = (
					"$(inherited)",
					"\"$(SRCROOT)/ocmock/\"",
				);
				OTHER_LDFLAGS = "-all_load";
				PRODUCT_NAME = "$(TARGET_NAME)";
				TEST_HOST = "$(BUNDLE_LOADER)";
				USER_HEADER_SEARCH_PATHS = "";
				WRAPPER_EXTENSION = octest;
			};
			name = Debug;
		};
		6BC3FDAD148F9721004A8EC2 /* Release */ = {
			isa = XCBuildConfiguration;
			buildSettings = {
				BUNDLE_LOADER = "$(BUILT_PRODUCTS_DIR)/Tomtelizer.app/Tomtelizer";
				FRAMEWORK_SEARCH_PATHS = (
					"$(SDKROOT)/Developer/Library/Frameworks",
					"$(DEVELOPER_LIBRARY_DIR)/Frameworks",
				);
				GCC_PRECOMPILE_PREFIX_HEADER = YES;
				GCC_PREFIX_HEADER = "Tomtelizer/Tomtelizer-Prefix.pch";
				HEADER_SEARCH_PATHS = (
					"$(inherited)",
					"$(PROJECT_DIR)/ocmock/Headers",
				);
				INFOPLIST_FILE = "TomtelizerTests/TomtelizerTests-Info.plist";
				IPHONEOS_DEPLOYMENT_TARGET = 7.0;
				LIBRARY_SEARCH_PATHS = (
					"$(inherited)",
					"\"$(SRCROOT)/ocmock/\"",
				);
				OTHER_LDFLAGS = "-all_load";
				PRODUCT_NAME = "$(TARGET_NAME)";
				TEST_HOST = "$(BUNDLE_LOADER)";
				USER_HEADER_SEARCH_PATHS = "";
				WRAPPER_EXTENSION = octest;
			};
			name = Release;
		};
/* End XCBuildConfiguration section */

/* Begin XCConfigurationList section */
		6BC3FD75148F9721004A8EC2 /* Build configuration list for PBXProject "Tomtelizer" */ = {
			isa = XCConfigurationList;
			buildConfigurations = (
				6BC3FDA6148F9721004A8EC2 /* Debug */,
				6BC3FDA7148F9721004A8EC2 /* Release */,
			);
			defaultConfigurationIsVisible = 0;
			defaultConfigurationName = Release;
		};
		6BC3FDA8148F9721004A8EC2 /* Build configuration list for PBXNativeTarget "Tomtelizer" */ = {
			isa = XCConfigurationList;
			buildConfigurations = (
				6BC3FDA9148F9721004A8EC2 /* Debug */,
				6BC3FDAA148F9721004A8EC2 /* Release */,
			);
			defaultConfigurationIsVisible = 0;
			defaultConfigurationName = Release;
		};
		6BC3FDAB148F9721004A8EC2 /* Build configuration list for PBXNativeTarget "TomtelizerTests" */ = {
			isa = XCConfigurationList;
			buildConfigurations = (
				6BC3FDAC148F9721004A8EC2 /* Debug */,
				6BC3FDAD148F9721004A8EC2 /* Release */,
			);
			defaultConfigurationIsVisible = 0;
			defaultConfigurationName = Release;
		};
/* End XCConfigurationList section */
	};
	rootObject = 6BC3FD72148F9721004A8EC2 /* Project object */;
}
