// !$*UTF8*$!
{
	archiveVersion = 1;
	classes = {
	};
	objectVersion = 46;
	objects = {

/* Begin PBXBuildFile section */
		6BC3FD80148F9721004A8EC2 /* UIKit.framework in Frameworks */ = {isa = PBXBuildFile; fileRef = 6BC3FD7F148F9721004A8EC2 /* UIKit.framework */; };
		6BC3FD82148F9721004A8EC2 /* Foundation.framework in Frameworks */ = {isa = PBXBuildFile; fileRef = 6BC3FD81148F9721004A8EC2 /* Foundation.framework */; };
		6BC3FD84148F9721004A8EC2 /* CoreGraphics.framework in Frameworks */ = {isa = PBXBuildFile; fileRef = 6BC3FD83148F9721004A8EC2 /* CoreGraphics.framework */; };
		6BC3FD8A148F9721004A8EC2 /* InfoPlist.strings in Resources */ = {isa = PBXBuildFile; fileRef = 6BC3FD88148F9721004A8EC2 /* InfoPlist.strings */; };
		6BC3FD8C148F9721004A8EC2 /* main.m in Sources */ = {isa = PBXBuildFile; fileRef = 6BC3FD8B148F9721004A8EC2 /* main.m */; };
		6BC3FD90148F9721004A8EC2 /* AppDelegate.m in Sources */ = {isa = PBXBuildFile; fileRef = 6BC3FD8F148F9721004A8EC2 /* AppDelegate.m */; };
		6BC3FD98148F9721004A8EC2 /* SenTestingKit.framework in Frameworks */ = {isa = PBXBuildFile; fileRef = 6BC3FD97148F9721004A8EC2 /* SenTestingKit.framework */; };
		6BC3FD99148F9721004A8EC2 /* UIKit.framework in Frameworks */ = {isa = PBXBuildFile; fileRef = 6BC3FD7F148F9721004A8EC2 /* UIKit.framework */; };
		6BC3FD9A148F9721004A8EC2 /* Foundation.framework in Frameworks */ = {isa = PBXBuildFile; fileRef = 6BC3FD81148F9721004A8EC2 /* Foundation.framework */; };
		6BC3FDA2148F9721004A8EC2 /* InfoPlist.strings in Resources */ = {isa = PBXBuildFile; fileRef = 6BC3FDA0148F9721004A8EC2 /* InfoPlist.strings */; };
		6BC3FDA5148F9721004A8EC2 /* TomtelizerTests.m in Sources */ = {isa = PBXBuildFile; fileRef = 6BC3FDA4148F9721004A8EC2 /* TomtelizerTests.m */; };
/* End PBXBuildFile section */

/* Begin PBXContainerItemProxy section */
		6BC3FD9B148F9721004A8EC2 /* PBXContainerItemProxy */ = {
			isa = PBXContainerItemProxy;
			containerPortal = 6BC3FD72148F9721004A8EC2 /* Project object */;
			proxyType = 1;
			remoteGlobalIDString = 6BC3FD7A148F9721004A8EC2;
			remoteInfo = Tomtelizer;
		};
/* End PBXContainerItemProxy section */

/* Begin PBXFileReference section */
		6BC3FD7B148F9721004A8EC2 /* Tomtelizer.app */ = {isa = PBXFileReference; explicitFileType = wrapper.application; includeInIndex = 0; path = Tomtelizer.app; sourceTree = BUILT_PRODUCTS_DIR; };
		6BC3FD7F148F9721004A8EC2 /* UIKit.framework */ = {isa = PBXFileReference; lastKnownFileType = wrapper.framework; name = UIKit.framework; path = System/Library/Frameworks/UIKit.framework; sourceTree = SDKROOT; };
		6BC3FD81148F9721004A8EC2 /* Foundation.framework */ = {isa = PBXFileReference; lastKnownFileType = wrapper.framework; name = Foundation.framework; path = System/Library/Frameworks/Foundation.framework; sourceTree = SDKROOT; };
		6BC3FD83148F9721004A8EC2 /* CoreGraphics.framework */ = {isa = PBXFileReference; lastKnownFileType = wrapper.framework; name = CoreGraphics.framework; path = System/Library/Frameworks/CoreGraphics.framework; sourceTree = SDKROOT; };
		6BC3FD87148F9721004A8EC2 /* Tomtelizer-Info.plist */ = {isa = PBXFileReference; path = "Tomtelizer-Info.plist"; sourceTree = "<group>"; };
		6BC3FD89148F9721004A8EC2 /* en */ = {isa = PBXFileReference; lastKnownFileType = text.plist.strings; name = en; path = en.lproj/InfoPlist.strings; sourceTree = "<group>"; };
		6BC3FD8B148F9721004A8EC2 /* main.m */ = {isa = PBXFileReference; lastKnownFileType = sourcecode.c.objc; path = main.m; sourceTree = "<group>"; };
		6BC3FD8D148F9721004A8EC2 /* Tomtelizer-Prefix.pch */ = {isa = PBXFileReference; path = "Tomtelizer-Prefix.pch"; sourceTree = "<group>"; };
		6BC3FD8E148F9721004A8EC2 /* AppDelegate.h */ = {isa = PBXFileReference; path = AppDelegate.h; sourceTree = "<group>"; };
		6BC3FD8F148F9721004A8EC2 /* AppDelegate.m */ = {isa = PBXFileReference; lastKnownFileType = sourcecode.c.objc; path = AppDelegate.m; sourceTree = "<group>"; };
		6BC3FD96148F9721004A8EC2 /* TomtelizerTests.octest */ = {isa = PBXFileReference; explicitFileType = wrapper.cfbundle; includeInIndex = 0; path = TomtelizerTests.octest; sourceTree = BUILT_PRODUCTS_DIR; };
		6BC3FD97148F9721004A8EC2 /* SenTestingKit.framework */ = {isa = PBXFileReference; lastKnownFileType = wrapper.framework; name = SenTestingKit.framework; path = Library/Frameworks/SenTestingKit.framework; sourceTree = DEVELOPER_DIR; };
		6BC3FD9F148F9721004A8EC2 /* TomtelizerTests-Info.plist */ = {isa = PBXFileReference; path = "TomtelizerTests-Info.plist"; sourceTree = "<group>"; };
		6BC3FDA1148F9721004A8EC2 /* en */ = {isa = PBXFileReference; lastKnownFileType = text.plist.strings; name = en; path = en.lproj/InfoPlist.strings; sourceTree = "<group>"; };
		6BC3FDA3148F9721004A8EC2 /* TomtelizerTests.h */ = {isa = PBXFileReference; path = TomtelizerTests.h; sourceTree = "<group>"; };
		6BC3FDA4148F9721004A8EC2 /* TomtelizerTests.m */ = {isa = PBXFileReference; lastKnownFileType = sourcecode.c.objc; path = TomtelizerTests.m; sourceTree = "<group>"; };
/* End PBXFileReference section */

/* Begin PBXFrameworksBuildPhase section */
		6BC3FD78148F9721004A8EC2 /* Frameworks */ = {
			isa = PBXFrameworksBuildPhase;
			buildActionMask = 2147483647;
			files = (
				6BC3FD80148F9721004A8EC2 /* UIKit.framework in Frameworks */,
				6BC3FD82148F9721004A8EC2 /* Foundation.framework in Frameworks */,
				6BC3FD84148F9721004A8EC2 /* CoreGraphics.framework in Frameworks */,
			);
			runOnlyForDeploymentPostprocessing = 0;
		};
		6BC3FD92148F9721004A8EC2 /* Frameworks */ = {
			isa = PBXFrameworksBuildPhase;
			buildActionMask = 2147483647;
			files = (
				6BC3FD98148F9721004A8EC2 /* SenTestingKit.framework in Frameworks */,
				6BC3FD99148F9721004A8EC2 /* UIKit.framework in Frameworks */,
				6BC3FD9A148F9721004A8EC2 /* Foundation.framework in Frameworks */,
			);
			runOnlyForDeploymentPostprocessing = 0;
		};
/* End PBXFrameworksBuildPhase section */

/* Begin PBXGroup section */
		6BC3FD70148F9721004A8EC2 = {
			isa = PBXGroup;
			children = (
				6BC3FD85148F9721004A8EC2 /* Tomtelizer */,
				6BC3FD9D148F9721004A8EC2 /* TomtelizerTests */,
				6BC3FD7E148F9721004A8EC2 /* Frameworks */,
				6BC3FD7C148F9721004A8EC2 /* Products */,
			);
			sourceTree = "<group>";
		};
		6BC3FD7C148F9721004A8EC2 /* Products */ = {
			isa = PBXGroup;
			children = (
				6BC3FD7B148F9721004A8EC2 /* Tomtelizer.app */,
				6BC3FD96148F9721004A8EC2 /* TomtelizerTests.octest */,
			);
			name = Products;
			sourceTree = "<group>";
		};
		6BC3FD7E148F9721004A8EC2 /* Frameworks */ = {
			isa = PBXGroup;
			children = (
				6BC3FD7F148F9721004A8EC2 /* UIKit.framework */,
				6BC3FD81148F9721004A8EC2 /* Foundation.framework */,
				6BC3FD83148F9721004A8EC2 /* CoreGraphics.framework */,
				6BC3FD97148F9721004A8EC2 /* SenTestingKit.framework */,
			);
			name = Frameworks;
			sourceTree = "<group>";
		};
		6BC3FD85148F9721004A8EC2 /* Tomtelizer */ = {
			isa = PBXGroup;
			children = (
				6BC3FD8E148F9721004A8EC2 /* AppDelegate.h */,
				6BC3FD8F148F9721004A8EC2 /* AppDelegate.m */,
				6BC3FD86148F9721004A8EC2 /* Supporting Files */,
			);
			path = Tomtelizer;
			sourceTree = "<group>";
		};
		6BC3FD86148F9721004A8EC2 /* Supporting Files */ = {
			isa = PBXGroup;
			children = (
				6BC3FD87148F9721004A8EC2 /* Tomtelizer-Info.plist */,
				6BC3FD88148F9721004A8EC2 /* InfoPlist.strings */,
				6BC3FD8B148F9721004A8EC2 /* main.m */,
				6BC3FD8D148F9721004A8EC2 /* Tomtelizer-Prefix.pch */,
			);
			name = "Supporting Files";
			sourceTree = "<group>";
		};
		6BC3FD9D148F9721004A8EC2 /* TomtelizerTests */ = {
			isa = PBXGroup;
			children = (
				6BC3FDA3148F9721004A8EC2 /* TomtelizerTests.h */,
				6BC3FDA4148F9721004A8EC2 /* TomtelizerTests.m */,
				6BC3FD9E148F9721004A8EC2 /* Supporting Files */,
			);
			path = TomtelizerTests;
			sourceTree = "<group>";
		};
		6BC3FD9E148F9721004A8EC2 /* Supporting Files */ = {
			isa = PBXGroup;
			children = (
				6BC3FD9F148F9721004A8EC2 /* TomtelizerTests-Info.plist */,
				6BC3FDA0148F9721004A8EC2 /* InfoPlist.strings */,
			);
			name = "Supporting Files";
			sourceTree = "<group>";
		};
/* End PBXGroup section */

/* Begin PBXNativeTarget section */
		6BC3FD7A148F9721004A8EC2 /* Tomtelizer */ = {
			isa = PBXNativeTarget;
			buildConfigurationList = 6BC3FDA8148F9721004A8EC2 /* Build configuration list for PBXNativeTarget "Tomtelizer" */;
			buildPhases = (
				6BC3FD77148F9721004A8EC2 /* Sources */,
				6BC3FD78148F9721004A8EC2 /* Frameworks */,
				6BC3FD79148F9721004A8EC2 /* Resources */,
			);
			buildRules = (
			);
			dependencies = (
			);
			name = Tomtelizer;
			productName = Tomtelizer;
			productReference = 6BC3FD7B148F9721004A8EC2 /* Tomtelizer.app */;
			productType = "com.apple.product-type.application";
		};
		6BC3FD95148F9721004A8EC2 /* TomtelizerTests */ = {
			isa = PBXNativeTarget;
			buildConfigurationList = 6BC3FDAB148F9721004A8EC2 /* Build configuration list for PBXNativeTarget "TomtelizerTests" */;
			buildPhases = (
				6BC3FD91148F9721004A8EC2 /* Sources */,
				6BC3FD92148F9721004A8EC2 /* Frameworks */,
				6BC3FD93148F9721004A8EC2 /* Resources */,
				6BC3FD94148F9721004A8EC2 /* ShellScript */,
			);
			buildRules = (
			);
			dependencies = (
				6BC3FD9C148F9721004A8EC2 /* PBXTargetDependency */,
			);
			name = TomtelizerTests;
			productName = TomtelizerTests;
			productReference = 6BC3FD96148F9721004A8EC2 /* TomtelizerTests.octest */;
			productType = "com.apple.product-type.bundle";
		};
/* End PBXNativeTarget section */

/* Begin PBXProject section */
		6BC3FD72148F9721004A8EC2 /* Project object */ = {
			isa = PBXProject;
			attributes = {
				LastUpgradeCheck = 0420;
				ORGANIZATIONNAME = "Athega AB";
			};
			buildConfigurationList = 6BC3FD75148F9721004A8EC2 /* Build configuration list for PBXProject "Tomtelizer" */;
			compatibilityVersion = "Xcode 3.2";
			developmentRegion = English;
			hasScannedForEncodings = 0;
			knownRegions = (
				en,
			);
			mainGroup = 6BC3FD70148F9721004A8EC2;
			productRefGroup = 6BC3FD7C148F9721004A8EC2 /* Products */;
			projectDirPath = "";
			projectRoot = "";
			targets = (
				6BC3FD7A148F9721004A8EC2 /* Tomtelizer */,
				6BC3FD95148F9721004A8EC2 /* TomtelizerTests */,
			);
		};
/* End PBXProject section */

/* Begin PBXResourcesBuildPhase section */
		6BC3FD79148F9721004A8EC2 /* Resources */ = {
			isa = PBXResourcesBuildPhase;
			buildActionMask = 2147483647;
			files = (
				6BC3FD8A148F9721004A8EC2 /* InfoPlist.strings in Resources */,
			);
			runOnlyForDeploymentPostprocessing = 0;
		};
		6BC3FD93148F9721004A8EC2 /* Resources */ = {
			isa = PBXResourcesBuildPhase;
			buildActionMask = 2147483647;
			files = (
				6BC3FDA2148F9721004A8EC2 /* InfoPlist.strings in Resources */,
			);
			runOnlyForDeploymentPostprocessing = 0;
		};
/* End PBXResourcesBuildPhase section */

/* Begin PBXShellScriptBuildPhase section */
		6BC3FD94148F9721004A8EC2 /* ShellScript */ = {
			isa = PBXShellScriptBuildPhase;
			buildActionMask = 2147483647;
			files = (
			);
			inputPaths = (
			);
			outputPaths = (
			);
			runOnlyForDeploymentPostprocessing = 0;
			shellPath = /bin/sh;
			shellScript = "# Run the unit tests in this test bundle.\n\"${SYSTEM_DEVELOPER_DIR}/Tools/RunUnitTests\"\n";
		};
/* End PBXShellScriptBuildPhase section */

/* Begin PBXSourcesBuildPhase section */
		6BC3FD77148F9721004A8EC2 /* Sources */ = {
			isa = PBXSourcesBuildPhase;
			buildActionMask = 2147483647;
			files = (
				6BC3FD8C148F9721004A8EC2 /* main.m in Sources */,
				6BC3FD90148F9721004A8EC2 /* AppDelegate.m in Sources */,
			);
			runOnlyForDeploymentPostprocessing = 0;
		};
		6BC3FD91148F9721004A8EC2 /* Sources */ = {
			isa = PBXSourcesBuildPhase;
			buildActionMask = 2147483647;
			files = (
				6BC3FDA5148F9721004A8EC2 /* TomtelizerTests.m in Sources */,
			);
			runOnlyForDeploymentPostprocessing = 0;
		};
/* End PBXSourcesBuildPhase section */

/* Begin PBXTargetDependency section */
		6BC3FD9C148F9721004A8EC2 /* PBXTargetDependency */ = {
			isa = PBXTargetDependency;
			target = 6BC3FD7A148F9721004A8EC2 /* Tomtelizer */;
			targetProxy = 6BC3FD9B148F9721004A8EC2 /* PBXContainerItemProxy */;
		};
/* End PBXTargetDependency section */

/* Begin PBXVariantGroup section */
		6BC3FD88148F9721004A8EC2 /* InfoPlist.strings */ = {
			isa = PBXVariantGroup;
			children = (
				6BC3FD89148F9721004A8EC2 /* en */,
			);
			name = InfoPlist.strings;
			sourceTree = "<group>";
		};
		6BC3FDA0148F9721004A8EC2 /* InfoPlist.strings */ = {
			isa = PBXVariantGroup;
			children = (
				6BC3FDA1148F9721004A8EC2 /* en */,
			);
			name = InfoPlist.strings;
			sourceTree = "<group>";
		};
/* End PBXVariantGroup section */

/* Begin XCBuildConfiguration section */
		6BC3FDA6148F9721004A8EC2 /* Debug */ = {
			isa = XCBuildConfiguration;
			buildSettings = {
				ALWAYS_SEARCH_USER_PATHS = NO;
				ARCHS = "$(ARCHS_STANDARD_32_BIT)";
				CLANG_ENABLE_OBJC_ARC = YES;
				"CODE_SIGN_IDENTITY[sdk=iphoneos*]" = "iPhone Developer";
				COPY_PHASE_STRIP = NO;
				GCC_C_LANGUAGE_STANDARD = gnu99;
				GCC_DYNAMIC_NO_PIC = NO;
				GCC_OPTIMIZATION_LEVEL = 0;
				GCC_PREPROCESSOR_DEFINITIONS = (
					"DEBUG=1",
					"$(inherited)",
				);
				GCC_SYMBOLS_PRIVATE_EXTERN = NO;
				GCC_VERSION = com.apple.compilers.llvm.clang.1_0;
				GCC_WARN_ABOUT_MISSING_PROTOTYPES = YES;
				GCC_WARN_ABOUT_RETURN_TYPE = YES;
				GCC_WARN_UNUSED_VARIABLE = YES;
				IPHONEOS_DEPLOYMENT_TARGET = 5.0;
				SDKROOT = iphoneos;
			};
			name = Debug;
		};
		6BC3FDA7148F9721004A8EC2 /* Release */ = {
			isa = XCBuildConfiguration;
			buildSettings = {
				ALWAYS_SEARCH_USER_PATHS = NO;
				ARCHS = "$(ARCHS_STANDARD_32_BIT)";
				CLANG_ENABLE_OBJC_ARC = YES;
				"CODE_SIGN_IDENTITY[sdk=iphoneos*]" = "iPhone Developer";
				COPY_PHASE_STRIP = YES;
				GCC_C_LANGUAGE_STANDARD = gnu99;
				GCC_VERSION = com.apple.compilers.llvm.clang.1_0;
				GCC_WARN_ABOUT_MISSING_PROTOTYPES = YES;
				GCC_WARN_ABOUT_RETURN_TYPE = YES;
				GCC_WARN_UNUSED_VARIABLE = YES;
				IPHONEOS_DEPLOYMENT_TARGET = 5.0;
				OTHER_CFLAGS = "-DNS_BLOCK_ASSERTIONS=1";
				SDKROOT = iphoneos;
				VALIDATE_PRODUCT = YES;
			};
			name = Release;
		};
		6BC3FDA9148F9721004A8EC2 /* Debug */ = {
			isa = XCBuildConfiguration;
			buildSettings = {
				GCC_PRECOMPILE_PREFIX_HEADER = YES;
				GCC_PREFIX_HEADER = "Tomtelizer/Tomtelizer-Prefix.pch";
				INFOPLIST_FILE = "Tomtelizer/Tomtelizer-Info.plist";
				PRODUCT_NAME = "$(TARGET_NAME)";
				WRAPPER_EXTENSION = app;
			};
			name = Debug;
		};
		6BC3FDAA148F9721004A8EC2 /* Release */ = {
			isa = XCBuildConfiguration;
			buildSettings = {
				GCC_PRECOMPILE_PREFIX_HEADER = YES;
				GCC_PREFIX_HEADER = "Tomtelizer/Tomtelizer-Prefix.pch";
				INFOPLIST_FILE = "Tomtelizer/Tomtelizer-Info.plist";
				PRODUCT_NAME = "$(TARGET_NAME)";
				WRAPPER_EXTENSION = app;
			};
			name = Release;
		};
		6BC3FDAC148F9721004A8EC2 /* Debug */ = {
			isa = XCBuildConfiguration;
			buildSettings = {
				BUNDLE_LOADER = "$(BUILT_PRODUCTS_DIR)/Tomtelizer.app/Tomtelizer";
				FRAMEWORK_SEARCH_PATHS = (
					"$(SDKROOT)/Developer/Library/Frameworks",
					"$(DEVELOPER_LIBRARY_DIR)/Frameworks",
				);
				GCC_PRECOMPILE_PREFIX_HEADER = YES;
				GCC_PREFIX_HEADER = "Tomtelizer/Tomtelizer-Prefix.pch";
				INFOPLIST_FILE = "TomtelizerTests/TomtelizerTests-Info.plist";
				PRODUCT_NAME = "$(TARGET_NAME)";
				TEST_HOST = "$(BUNDLE_LOADER)";
				WRAPPER_EXTENSION = octest;
			};
			name = Debug;
		};
		6BC3FDAD148F9721004A8EC2 /* Release */ = {
			isa = XCBuildConfiguration;
			buildSettings = {
				BUNDLE_LOADER = "$(BUILT_PRODUCTS_DIR)/Tomtelizer.app/Tomtelizer";
				FRAMEWORK_SEARCH_PATHS = (
					"$(SDKROOT)/Developer/Library/Frameworks",
					"$(DEVELOPER_LIBRARY_DIR)/Frameworks",
				);
				GCC_PRECOMPILE_PREFIX_HEADER = YES;
				GCC_PREFIX_HEADER = "Tomtelizer/Tomtelizer-Prefix.pch";
				INFOPLIST_FILE = "TomtelizerTests/TomtelizerTests-Info.plist";
				PRODUCT_NAME = "$(TARGET_NAME)";
				TEST_HOST = "$(BUNDLE_LOADER)";
				WRAPPER_EXTENSION = octest;
			};
			name = Release;
		};
/* End XCBuildConfiguration section */

/* Begin XCConfigurationList section */
		6BC3FD75148F9721004A8EC2 /* Build configuration list for PBXProject "Tomtelizer" */ = {
			isa = XCConfigurationList;
			buildConfigurations = (
				6BC3FDA6148F9721004A8EC2 /* Debug */,
				6BC3FDA7148F9721004A8EC2 /* Release */,
			);
			defaultConfigurationIsVisible = 0;
			defaultConfigurationName = Release;
		};
		6BC3FDA8148F9721004A8EC2 /* Build configuration list for PBXNativeTarget "Tomtelizer" */ = {
			isa = XCConfigurationList;
			buildConfigurations = (
				6BC3FDA9148F9721004A8EC2 /* Debug */,
				6BC3FDAA148F9721004A8EC2 /* Release */,
			);
			defaultConfigurationIsVisible = 0;
		};
		6BC3FDAB148F9721004A8EC2 /* Build configuration list for PBXNativeTarget "TomtelizerTests" */ = {
			isa = XCConfigurationList;
			buildConfigurations = (
				6BC3FDAC148F9721004A8EC2 /* Debug */,
				6BC3FDAD148F9721004A8EC2 /* Release */,
			);
			defaultConfigurationIsVisible = 0;
		};
/* End XCConfigurationList section */
	};
	rootObject = 6BC3FD72148F9721004A8EC2 /* Project object */;
}
